
Microsoft Visual Studio Solution File, Format Version 12.00
# Visual Studio Version 16
VisualStudioVersion = 16.0.29519.87
MinimumVisualStudioVersion = 10.0.40219.1
Project("{9A19103F-16F7-4668-BE54-9A1E7A4F7556}") = "Hiywin.Api", "Hiywin.Api\Hiywin.Api.csproj", "{AFB3BAD9-AB7B-4014-9E48-4CA2B167E265}"
EndProject
Project("{FAE04EC0-301F-11D3-BF4B-00C04F79EFBC}") = "Hiywin.Common", "Hiywin.Common\Hiywin.Common.csproj", "{8827D76E-DF08-49CA-A5DB-136991CAF1A9}"
EndProject
Project("{FAE04EC0-301F-11D3-BF4B-00C04F79EFBC}") = "Hiywin.Design", "Hiywin.Design\Hiywin.Design.csproj", "{4A7E5986-48C0-48D0-9D73-D7B36C0CF3FE}"
EndProject
Project("{FAE04EC0-301F-11D3-BF4B-00C04F79EFBC}") = "Hiywin.Utility", "Hiywin.Utility\Hiywin.Utility.csproj", "{36909D07-A4F7-463D-8881-EFBC23383BB3}"
EndProject
Project("{FAE04EC0-301F-11D3-BF4B-00C04F79EFBC}") = "Hiywin.Test", "Hiywin.Test\Hiywin.Test.csproj", "{A7807A09-9733-48C1-9E35-BFEB84F6C2AF}"
EndProject
Project("{FAE04EC0-301F-11D3-BF4B-00C04F79EFBC}") = "Hiywin.Dtos", "Hiywin.Dtos\Hiywin.Dtos.csproj", "{39188823-B7C3-44FC-AC71-1C9E426DECB8}"
EndProject
Project("{FAE04EC0-301F-11D3-BF4B-00C04F79EFBC}") = "Hiywin.Entities", "Hiywin.Entities\Hiywin.Entities.csproj", "{5028835A-C454-4E08-B455-4820EE5343BA}"
EndProject
Project("{FAE04EC0-301F-11D3-BF4B-00C04F79EFBC}") = "Hiywin.Models", "Hiywin.Models\Hiywin.Models.csproj", "{07AEE87D-A2CB-4F29-88A7-57C4FB668B36}"
EndProject
Project("{2150E333-8FDC-42A3-9474-1A3956D46DE8}") = "EntityLayers", "EntityLayers", "{EDCBE2CB-080F-4F40-8948-832F20CE9390}"
EndProject
Project("{2150E333-8FDC-42A3-9474-1A3956D46DE8}") = "ManagerLayers", "ManagerLayers", "{A3E521EB-F21A-4569-B5E2-FB6482976782}"
EndProject
Project("{2150E333-8FDC-42A3-9474-1A3956D46DE8}") = "Base", "Base", "{82BF064C-1B54-488D-B33C-981FBE41B67E}"
EndProject
Project("{FAE04EC0-301F-11D3-BF4B-00C04F79EFBC}") = "Hiywin.BaseManager", "Hiywin.BaseManager\Hiywin.BaseManager.csproj", "{2D5C104A-8BF9-4BDA-B54F-E415777A017C}"
EndProject
Project("{FAE04EC0-301F-11D3-BF4B-00C04F79EFBC}") = "Hiywin.IBaseManager", "Hiywin.IBaseManager\Hiywin.IBaseManager.csproj", "{9E56EFE0-226C-45D4-BF5E-3645CAAF4839}"
EndProject
Project("{FAE04EC0-301F-11D3-BF4B-00C04F79EFBC}") = "Hiywin.FrameManager", "Hiywin.FrameManager\Hiywin.FrameManager.csproj", "{F171A429-AC50-4423-8788-F790775AC639}"
EndProject
Project("{FAE04EC0-301F-11D3-BF4B-00C04F79EFBC}") = "Hiywin.IFrameManager", "Hiywin.IFrameManager\Hiywin.IFrameManager.csproj", "{78431C3D-ECF6-4403-BAFA-EEC7F61405FE}"
EndProject
Project("{2150E333-8FDC-42A3-9474-1A3956D46DE8}") = "ServiceLayers", "ServiceLayers", "{11CBAA17-4ACA-4BDF-8CBF-FD6D172E5BEF}"
EndProject
Project("{FAE04EC0-301F-11D3-BF4B-00C04F79EFBC}") = "Hiywin.FrameService", "Hiywin.FrameService\Hiywin.FrameService.csproj", "{641BEAFF-89FE-415D-8D7D-841254D8DEC8}"
EndProject
Project("{FAE04EC0-301F-11D3-BF4B-00C04F79EFBC}") = "Hiywin.IFrameService", "Hiywin.IFrameService\Hiywin.IFrameService.csproj", "{D557D68B-7FB4-4A7A-A914-BB331D066351}"
EndProject
Global
	GlobalSection(SolutionConfigurationPlatforms) = preSolution
		Debug|Any CPU = Debug|Any CPU
		Release|Any CPU = Release|Any CPU
	EndGlobalSection
	GlobalSection(ProjectConfigurationPlatforms) = postSolution
		{AFB3BAD9-AB7B-4014-9E48-4CA2B167E265}.Debug|Any CPU.ActiveCfg = Debug|Any CPU
		{AFB3BAD9-AB7B-4014-9E48-4CA2B167E265}.Debug|Any CPU.Build.0 = Debug|Any CPU
		{AFB3BAD9-AB7B-4014-9E48-4CA2B167E265}.Release|Any CPU.ActiveCfg = Release|Any CPU
		{AFB3BAD9-AB7B-4014-9E48-4CA2B167E265}.Release|Any CPU.Build.0 = Release|Any CPU
		{8827D76E-DF08-49CA-A5DB-136991CAF1A9}.Debug|Any CPU.ActiveCfg = Debug|Any CPU
		{8827D76E-DF08-49CA-A5DB-136991CAF1A9}.Debug|Any CPU.Build.0 = Debug|Any CPU
		{8827D76E-DF08-49CA-A5DB-136991CAF1A9}.Release|Any CPU.ActiveCfg = Release|Any CPU
		{8827D76E-DF08-49CA-A5DB-136991CAF1A9}.Release|Any CPU.Build.0 = Release|Any CPU
		{4A7E5986-48C0-48D0-9D73-D7B36C0CF3FE}.Debug|Any CPU.ActiveCfg = Debug|Any CPU
		{4A7E5986-48C0-48D0-9D73-D7B36C0CF3FE}.Debug|Any CPU.Build.0 = Debug|Any CPU
		{4A7E5986-48C0-48D0-9D73-D7B36C0CF3FE}.Release|Any CPU.ActiveCfg = Release|Any CPU
		{4A7E5986-48C0-48D0-9D73-D7B36C0CF3FE}.Release|Any CPU.Build.0 = Release|Any CPU
		{36909D07-A4F7-463D-8881-EFBC23383BB3}.Debug|Any CPU.ActiveCfg = Debug|Any CPU
		{36909D07-A4F7-463D-8881-EFBC23383BB3}.Debug|Any CPU.Build.0 = Debug|Any CPU
		{36909D07-A4F7-463D-8881-EFBC23383BB3}.Release|Any CPU.ActiveCfg = Release|Any CPU
		{36909D07-A4F7-463D-8881-EFBC23383BB3}.Release|Any CPU.Build.0 = Release|Any CPU
		{A7807A09-9733-48C1-9E35-BFEB84F6C2AF}.Debug|Any CPU.ActiveCfg = Debug|Any CPU
		{A7807A09-9733-48C1-9E35-BFEB84F6C2AF}.Debug|Any CPU.Build.0 = Debug|Any CPU
		{A7807A09-9733-48C1-9E35-BFEB84F6C2AF}.Release|Any CPU.ActiveCfg = Release|Any CPU
		{A7807A09-9733-48C1-9E35-BFEB84F6C2AF}.Release|Any CPU.Build.0 = Release|Any CPU
		{39188823-B7C3-44FC-AC71-1C9E426DECB8}.Debug|Any CPU.ActiveCfg = Debug|Any CPU
		{39188823-B7C3-44FC-AC71-1C9E426DECB8}.Debug|Any CPU.Build.0 = Debug|Any CPU
		{39188823-B7C3-44FC-AC71-1C9E426DECB8}.Release|Any CPU.ActiveCfg = Release|Any CPU
		{39188823-B7C3-44FC-AC71-1C9E426DECB8}.Release|Any CPU.Build.0 = Release|Any CPU
		{5028835A-C454-4E08-B455-4820EE5343BA}.Debug|Any CPU.ActiveCfg = Debug|Any CPU
		{5028835A-C454-4E08-B455-4820EE5343BA}.Debug|Any CPU.Build.0 = Debug|Any CPU
		{5028835A-C454-4E08-B455-4820EE5343BA}.Release|Any CPU.ActiveCfg = Release|Any CPU
		{5028835A-C454-4E08-B455-4820EE5343BA}.Release|Any CPU.Build.0 = Release|Any CPU
		{07AEE87D-A2CB-4F29-88A7-57C4FB668B36}.Debug|Any CPU.ActiveCfg = Debug|Any CPU
		{07AEE87D-A2CB-4F29-88A7-57C4FB668B36}.Debug|Any CPU.Build.0 = Debug|Any CPU
		{07AEE87D-A2CB-4F29-88A7-57C4FB668B36}.Release|Any CPU.ActiveCfg = Release|Any CPU
		{07AEE87D-A2CB-4F29-88A7-57C4FB668B36}.Release|Any CPU.Build.0 = Release|Any CPU
		{2D5C104A-8BF9-4BDA-B54F-E415777A017C}.Debug|Any CPU.ActiveCfg = Debug|Any CPU
		{2D5C104A-8BF9-4BDA-B54F-E415777A017C}.Debug|Any CPU.Build.0 = Debug|Any CPU
		{2D5C104A-8BF9-4BDA-B54F-E415777A017C}.Release|Any CPU.ActiveCfg = Release|Any CPU
		{2D5C104A-8BF9-4BDA-B54F-E415777A017C}.Release|Any CPU.Build.0 = Release|Any CPU
		{9E56EFE0-226C-45D4-BF5E-3645CAAF4839}.Debug|Any CPU.ActiveCfg = Debug|Any CPU
		{9E56EFE0-226C-45D4-BF5E-3645CAAF4839}.Debug|Any CPU.Build.0 = Debug|Any CPU
		{9E56EFE0-226C-45D4-BF5E-3645CAAF4839}.Release|Any CPU.ActiveCfg = Release|Any CPU
		{9E56EFE0-226C-45D4-BF5E-3645CAAF4839}.Release|Any CPU.Build.0 = Release|Any CPU
		{F171A429-AC50-4423-8788-F790775AC639}.Debug|Any CPU.ActiveCfg = Debug|Any CPU
		{F171A429-AC50-4423-8788-F790775AC639}.Debug|Any CPU.Build.0 = Debug|Any CPU
		{F171A429-AC50-4423-8788-F790775AC639}.Release|Any CPU.ActiveCfg = Release|Any CPU
		{F171A429-AC50-4423-8788-F790775AC639}.Release|Any CPU.Build.0 = Release|Any CPU
		{78431C3D-ECF6-4403-BAFA-EEC7F61405FE}.Debug|Any CPU.ActiveCfg = Debug|Any CPU
		{78431C3D-ECF6-4403-BAFA-EEC7F61405FE}.Debug|Any CPU.Build.0 = Debug|Any CPU
		{78431C3D-ECF6-4403-BAFA-EEC7F61405FE}.Release|Any CPU.ActiveCfg = Release|Any CPU
		{78431C3D-ECF6-4403-BAFA-EEC7F61405FE}.Release|Any CPU.Build.0 = Release|Any CPU
		{641BEAFF-89FE-415D-8D7D-841254D8DEC8}.Debug|Any CPU.ActiveCfg = Debug|Any CPU
		{641BEAFF-89FE-415D-8D7D-841254D8DEC8}.Debug|Any CPU.Build.0 = Debug|Any CPU
		{641BEAFF-89FE-415D-8D7D-841254D8DEC8}.Release|Any CPU.ActiveCfg = Release|Any CPU
		{641BEAFF-89FE-415D-8D7D-841254D8DEC8}.Release|Any CPU.Build.0 = Release|Any CPU
		{D557D68B-7FB4-4A7A-A914-BB331D066351}.Debug|Any CPU.ActiveCfg = Debug|Any CPU
		{D557D68B-7FB4-4A7A-A914-BB331D066351}.Debug|Any CPU.Build.0 = Debug|Any CPU
		{D557D68B-7FB4-4A7A-A914-BB331D066351}.Release|Any CPU.ActiveCfg = Release|Any CPU
		{D557D68B-7FB4-4A7A-A914-BB331D066351}.Release|Any CPU.Build.0 = Release|Any CPU
	EndGlobalSection
	GlobalSection(SolutionProperties) = preSolution
		HideSolutionNode = FALSE
	EndGlobalSection
	GlobalSection(NestedProjects) = preSolution
		{39188823-B7C3-44FC-AC71-1C9E426DECB8} = {EDCBE2CB-080F-4F40-8948-832F20CE9390}
		{5028835A-C454-4E08-B455-4820EE5343BA} = {EDCBE2CB-080F-4F40-8948-832F20CE9390}
		{07AEE87D-A2CB-4F29-88A7-57C4FB668B36} = {EDCBE2CB-080F-4F40-8948-832F20CE9390}
		{82BF064C-1B54-488D-B33C-981FBE41B67E} = {A3E521EB-F21A-4569-B5E2-FB6482976782}
		{2D5C104A-8BF9-4BDA-B54F-E415777A017C} = {82BF064C-1B54-488D-B33C-981FBE41B67E}
		{9E56EFE0-226C-45D4-BF5E-3645CAAF4839} = {82BF064C-1B54-488D-B33C-981FBE41B67E}
		{F171A429-AC50-4423-8788-F790775AC639} = {A3E521EB-F21A-4569-B5E2-FB6482976782}
		{78431C3D-ECF6-4403-BAFA-EEC7F61405FE} = {A3E521EB-F21A-4569-B5E2-FB6482976782}
		{641BEAFF-89FE-415D-8D7D-841254D8DEC8} = {11CBAA17-4ACA-4BDF-8CBF-FD6D172E5BEF}
		{D557D68B-7FB4-4A7A-A914-BB331D066351} = {11CBAA17-4ACA-4BDF-8CBF-FD6D172E5BEF}
	EndGlobalSection
	GlobalSection(ExtensibilityGlobals) = postSolution
		SolutionGuid = {366F79F2-5EA6-4212-AFF5-21590EC25A64}
	EndGlobalSection
EndGlobal
